{
  "version": 4,
  "terraform_version": "1.12.2",
  "serial": 1,
  "lineage": "6ad6ed78-50a5-ff43-dd49-fce39953cdce",
  "outputs": {
    "greengrass_iot_certificate_arn": {
      "value": "arn:aws:iot:us-east-1:391940626338:cert/bcd9b804103a03a01be01b03fbb5c539798b7503624351ec34ec2af452e7ec82",
      "type": "string"
    },
    "greengrass_iot_policy_name": {
      "value": "greengrass-demo-greengrass-core-policy",
      "type": "string"
    },
    "greengrass_iot_thing_name": {
      "value": "greengrass-demo-core",
      "type": "string"
    },
    "greengrass_role_arn": {
      "value": "arn:aws:iam::391940626338:role/greengrass-demo-greengrass-role",
      "type": "string"
    }
  },
  "resources": [
    {
      "mode": "managed",
      "type": "aws_iam_role",
      "name": "greengrass",
      "provider": "provider[\"registry.opentofu.org/hashicorp/aws\"]",
      "instances": [
        {
          "schema_version": 0,
          "attributes": {
            "arn": "arn:aws:iam::391940626338:role/greengrass-demo-greengrass-role",
            "assume_role_policy": "{\"Statement\":[{\"Action\":\"sts:AssumeRole\",\"Effect\":\"Allow\",\"Principal\":{\"Service\":\"greengrass.amazonaws.com\"}}],\"Version\":\"2012-10-17\"}",
            "create_date": "2026-07-07T00:56:21Z",
            "description": "",
            "force_detach_policies": false,
            "id": "greengrass-demo-greengrass-role",
            "inline_policy": [],
            "managed_policy_arns": [],
            "max_session_duration": 3600,
            "name": "greengrass-demo-greengrass-role",
            "name_prefix": "",
            "path": "/",
            "permissions_boundary": "",
            "tags": null,
            "tags_all": {},
            "unique_id": "AROAVWQL3K6RG7EOUPE33"
          },
          "sensitive_attributes": [],
          "private": "bnVsbA=="
        }
      ]
    },
    {
      "mode": "managed",
      "type": "aws_iam_role_policy_attachment",
      "name": "greengrass_resource_access",
      "provider": "provider[\"registry.opentofu.org/hashicorp/aws\"]",
      "instances": [
        {
          "schema_version": 0,
          "attributes": {
            "id": "greengrass-demo-greengrass-role-20260707005601815000000001",
            "policy_arn": "arn:aws:iam::aws:policy/service-role/AWSGreengrassResourceAccessRolePolicy",
            "role": "greengrass-demo-greengrass-role"
          },
          "sensitive_attributes": [],
          "private": "bnVsbA==",
          "dependencies": [
            "aws_iam_role.greengrass"
          ]
        }
      ]
    },
    {
      "mode": "managed",
      "type": "aws_iot_certificate",
      "name": "greengrass_core",
      "provider": "provider[\"registry.opentofu.org/hashicorp/aws\"]",
      "instances": [
        {
          "schema_version": 0,
          "attributes": {
            "active": true,
            "arn": "arn:aws:iot:us-east-1:391940626338:cert/bcd9b804103a03a01be01b03fbb5c539798b7503624351ec34ec2af452e7ec82",
            "ca_certificate_id": "",
            "ca_pem": null,
            "certificate_pem": "-----BEGIN CERTIFICATE-----\nMIIDWTCCAkGgAwIBAgIUaw0gWRkiVHltzJFLQRuwbrfmEiEwDQYJKoZIhvcNAQEL\nBQAwTTFLMEkGA1UECwxCQW1hem9uIFdlYiBTZXJ2aWNlcyBPPUFtYXpvbi5jb20g\nSW5jLiBMPVNlYXR0bGUgU1Q9V2FzaGluZ3RvbiBDPVVTMB4XDTI2MDcwNzAwNTQy\nMVoXDTQ5MTIzMTIzNTk1OVowHjEcMBoGA1UEAwwTQVdTIElvVCBDZXJ0aWZpY2F0\nZTCCASIwDQYJKoZIhvcNAQEBBQADggEPADCCAQoCggEBAMmIqDYL2ScWRqux47bH\nhpSXIj7/kx7CletyKodGGa708v2SMOENE5q/Fmy6IscM9WtDMNlUVV+/8/eubnYr\ntHoMm8Fre4R+/LY1n3yTApf2w9AXjU8GM62ulIBkKxDSf0uoRbjTvPFRzlx1vUIw\n9vAEKaJP+hmUHJDwpVhUtyq57WAzaZPBGnFbjE6xr39UZLuFAPbq1D+ORwYHAXy/\nlaJgextmfaf0EFxo8g0pEvzAbIkGKBIBtc9BXbT6MOmze96sUBjubH6qp2Q1WHYx\nuYNc+jPeRaqnEspL2A48Dmx8YWZr/SlXFxt+ZHQupyDFx3YjnvqalywKdEvoQuOE\nrsMCAwEAAaNgMF4wHwYDVR0jBBgwFoAUIjLsmU6LjG0rj5ugILTEaiGRFVcwHQYD\nVR0OBBYEFAclxnRV7ruTd8p0cbBsvnvWMBniMAwGA1UdEwEB/wQCMAAwDgYDVR0P\nAQH/BAQDAgeAMA0GCSqGSIb3DQEBCwUAA4IBAQBlgxe3b71rTd0xL0BL/MtVcaYu\nxN4b+wN1eZUe0Juzw6TTJx5IH84bgYA/zArK5FwdZFxNtZlH4RPKMxM+RDTpEIwd\nnaR+AIHmKnWjS8lgyWXRUfRcicMBN5jjBJh8XM2Dx/lmisjR+/m+OomRGD9Az7BZ\n7IhtKwffiBOf1h/z4z1/oioNnJH9EuAW1J2q/iXutQT03twFgq9t8El6ky4815qF\nSmY9AuRp1Z/KqNJClRiCNkdvdswIeDQY+ki07QFGralQ0qPhG5hy2+18L3k5CCda\nAQFVDfUlMgGHDen88axtu8rSV7DZtjXegjXOy4R5BVfDwf+03m1g2ODAqRC2\n-----END CERTIFICATE-----\n",
            "csr": null,
            "id": "bcd9b804103a03a01be01b03fbb5c539798b7503624351ec34ec2af452e7ec82",
            "private_key": "-----BEGIN RSA PRIVATE KEY-----\nMIIEpQIBAAKCAQEAyYioNgvZJxZGq7HjtseGlJciPv+THsKV63Iqh0YZrvTy/ZIw\n4Q0Tmr8WbLoixwz1a0Mw2VRVX7/z965udiu0egybwWt7hH78tjWffJMCl/bD0BeN\nTwYzra6UgGQrENJ/S6hFuNO88VHOXHW9QjD28AQpok/6GZQckPClWFS3KrntYDNp\nk8EacVuMTrGvf1Rku4UA9urUP45HBgcBfL+VomB7G2Z9p/QQXGjyDSkS/MBsiQYo\nEgG1z0FdtPow6bN73qxQGO5sfqqnZDVYdjG5g1z6M95FqqcSykvYDjwObHxhZmv9\nKVcXG35kdC6nIMXHdiOe+pqXLAp0S+hC44SuwwIDAQABAoIBAC3ojHDrWAc4Ytbf\nygCsCPM2Tl3NeGUMbHxa4Gc6R8V8FRJASBQsF2gr2V7hM+TmBc3uW2VWebA7GMc2\nHAGdSRp4Xs67vkJbbxPOuUr2biPR2Z9AjjcPMZyB5WAt8UV+vfKtHVzSFvtd6EVV\nqMw4PThFqnpH/6/t9mfp+bBac/MuSXdxC4GqzAAZp724c4A3Z8y8FlfuGpSdqCDr\ndboBKc5WlTwWD8E3siDH37CmL/0BMUx1ju6cDLkfuvq62brrwuE7O0NdlXlpVXn7\nthO9q9TOQ391m7u8clu2s/nCTs+vMrIG8r0kYbs32nu5FUK9MoLZWJrNrnao54PN\nx+9VlAECgYEA+gcEuBO5zb00Jar72T0yDF7too1hk8GnoPVBJjuPRJFzviSHDUR/\nS0ssy2EFbSsXuBOhDI3inUTaZq+I4kSt1Ge2WJleDxcUI/8XBGcHFfftfgYcqvNy\njVvNNlV0PJDtBRNaSyKIJPMvlD0XaEQbVTufzZ0M/e2fwv1Ivhkt8MMCgYEAzlkW\nf6gDFkLY0KzdK5d2oGFTdkgf3qasqLsO05lHb2i/0XHM8HGYagnYHqNlXUwo9ytr\n8VjBQdjG9OvcZ5lAECb/oTM91chSePsXF0eR8dnD4aoThCkL6d0dQSeIlf6k8Xj0\nbZaKGXv6sPHfWAm9Vr1jvlzyspl/748K3l5iagECgYEAnCSF7e9jufjO+Dcv0RtG\nhjNCdKGWro/h/8MqTJYlgszTW4u0S7TbSkpITzroCKVAytR3Xz+8pjq5qic1dRku\n9ddPKUWeWA4xpclItpcg9bc/udRXUut2PpF2NthnHuvjGahcW0/Vdj3pGMqOM69U\n4oW55s6NrocXns5O/2j6J8ECgYEAwyOa1ER2DuJOmiEv056cT5Va0Zvpj6y90Z98\nqPzmgmRkKlTdg3FZusXufSL2pCF3CDAnF4lg0b2IgWxf9hUGcX//9Vk5G+ginkiO\nELTdPwM6bDlj1XLf0l0J4mjZkUfMgpNpTA22Md1+OUGzflVPmizmm8rYta/WPh1f\nIOXPWgECgYEA6/487FF0THfoIWvR5RUC+969byOL2x/NgGiyWY5DCaF2dWjHZ9JH\npeU7k4l+cLwpWjGX1e5ycLydLLlIsC+W9C2qvN+rOO7VcaY2vFU8YlSSZuYuKlXA\n4E1+AcoJ1AgAkoyunvojB9f/+fzM32Tx+oF9WwssfaF58ahMThYZH34=\n-----END RSA PRIVATE KEY-----\n",
            "public_key": "-----BEGIN PUBLIC KEY-----\nMIIBIjANBgkqhkiG9w0BAQEFAAOCAQ8AMIIBCgKCAQEAyYioNgvZJxZGq7HjtseG\nlJciPv+THsKV63Iqh0YZrvTy/ZIw4Q0Tmr8WbLoixwz1a0Mw2VRVX7/z965udiu0\negybwWt7hH78tjWffJMCl/bD0BeNTwYzra6UgGQrENJ/S6hFuNO88VHOXHW9QjD2\n8AQpok/6GZQckPClWFS3KrntYDNpk8EacVuMTrGvf1Rku4UA9urUP45HBgcBfL+V\nomB7G2Z9p/QQXGjyDSkS/MBsiQYoEgG1z0FdtPow6bN73qxQGO5sfqqnZDVYdjG5\ng1z6M95FqqcSykvYDjwObHxhZmv9KVcXG35kdC6nIMXHdiOe+pqXLAp0S+hC44Su\nwwIDAQAB\n-----END PUBLIC KEY-----\n"
          },
          "sensitive_attributes": [
            [
              {
                "type": "get_attr",
                "value": "ca_pem"
              }
            ],
            [
              {
                "type": "get_attr",
                "value": "certificate_pem"
              }
            ],
            [
              {
                "type": "get_attr",
                "value": "private_key"
              }
            ],
            [
              {
                "type": "get_attr",
                "value": "public_key"
              }
            ]
          ],
          "private": "bnVsbA=="
        }
      ]
    },
    {
      "mode": "managed",
      "type": "aws_iot_policy",
      "name": "greengrass_core",
      "provider": "provider[\"registry.opentofu.org/hashicorp/aws\"]",
      "instances": [
        {
          "schema_version": 0,
          "attributes": {
            "arn": "arn:aws:iot:us-east-1:391940626338:policy/greengrass-demo-greengrass-core-policy",
            "default_version_id": "1",
            "id": "greengrass-demo-greengrass-core-policy",
            "name": "greengrass-demo-greengrass-core-policy",
            "policy": "{\"Statement\":[{\"Action\":[\"iot:*\",\"greengrass:*\"],\"Effect\":\"Allow\",\"Resource\":\"*\"}],\"Version\":\"2012-10-17\"}",
            "tags": null,
            "tags_all": {},
            "timeouts": null
          },
          "sensitive_attributes": [],
          "private": "eyJlMmJmYjczMC1lY2FhLTExZTYtOGY4OC0zNDM2M2JjN2M0YzAiOnsiZGVsZXRlIjozMDAwMDAwMDAwMDAsInVwZGF0ZSI6NjAwMDAwMDAwMDB9fQ=="
        }
      ]
    },
    {
      "mode": "managed",
      "type": "aws_iot_policy_attachment",
      "name": "greengrass_core",
      "provider": "provider[\"registry.opentofu.org/hashicorp/aws\"]",
      "instances": [
        {
          "schema_version": 0,
          "attributes": {
            "id": "greengrass-demo-greengrass-core-policy|arn:aws:iot:us-east-1:391940626338:cert/bcd9b804103a03a01be01b03fbb5c539798b7503624351ec34ec2af452e7ec82",
            "policy": "greengrass-demo-greengrass-core-policy",
            "target": "arn:aws:iot:us-east-1:391940626338:cert/bcd9b804103a03a01be01b03fbb5c539798b7503624351ec34ec2af452e7ec82"
          },
          "sensitive_attributes": [],
          "private": "bnVsbA==",
          "dependencies": [
            "aws_iot_certificate.greengrass_core",
            "aws_iot_policy.greengrass_core"
          ]
        }
      ]
    },
    {
      "mode": "managed",
      "type": "aws_iot_thing",
      "name": "greengrass_core",
      "provider": "provider[\"registry.opentofu.org/hashicorp/aws\"]",
      "instances": [
        {
          "schema_version": 0,
          "attributes": {
            "arn": "arn:aws:iot:us-east-1:391940626338:thing/greengrass-demo-core",
            "attributes": null,
            "default_client_id": "greengrass-demo-core",
            "id": "greengrass-demo-core",
            "name": "greengrass-demo-core",
            "thing_type_name": "",
            "version": 1
          },
          "sensitive_attributes": [],
          "private": "bnVsbA=="
        }
      ]
    },
    {
      "mode": "managed",
      "type": "aws_iot_thing_principal_attachment",
      "name": "greengrass_core",
      "provider": "provider[\"registry.opentofu.org/hashicorp/aws\"]",
      "instances": [
        {
          "schema_version": 0,
          "attributes": {
            "id": "greengrass-demo-core|arn:aws:iot:us-east-1:391940626338:cert/bcd9b804103a03a01be01b03fbb5c539798b7503624351ec34ec2af452e7ec82",
            "principal": "arn:aws:iot:us-east-1:391940626338:cert/bcd9b804103a03a01be01b03fbb5c539798b7503624351ec34ec2af452e7ec82",
            "thing": "greengrass-demo-core"
          },
          "sensitive_attributes": [],
          "private": "bnVsbA==",
          "dependencies": [
            "aws_iot_certificate.greengrass_core",
            "aws_iot_thing.greengrass_core"
          ]
        }
      ]
    }
  ],
  "check_results": null
}

